# This file was autogenerated by Stack.
# You should not edit this file by hand.
# For more information, please see the documentation at:
#   https://docs.haskellstack.org/en/stable/topics/lock_files

packages:
- completed:
    name: kqueue
    pantry-tree:
      sha256: 3f133195fc3c884395b9b28a824bf781292a5192d21c0ec243b1cb419f8938d1
      size: 725
    sha256: 25d80217ecec7ff27e4493749ced1a52dae6c1daffa7bcf277f677dbba92a070
    size: 7922
    url: https://github.com/chrismanning/kqueue/archive/742c7a29b5c5e43b330667f259b7ccea4503ba98.tar.gz
    version: '0.2'
  original:
    url: https://github.com/chrismanning/kqueue/archive/742c7a29b5c5e43b330667f259b7ccea4503ba98.tar.gz
- completed:
    hackage: hinotify-0.4.2@sha256:dc4c45544e1920864882ee1b332d78960cdb9f7b706983f6eab3c9dabda4fa9e,2725
    pantry-tree:
      sha256: bc8624c4084ff0b47292aa0b8d162286e0f9208a091bd0d40d311b407c4a2345
      size: 855
  original:
    hackage: hinotify-0.4.2
snapshots:
- completed:
    sha256: 1a5a19a3a4e490779a4583933136dcd5f873f9e6f8e93bb35cf8e79471e15285
    size: 723246
    url: https://raw.githubusercontent.com/commercialhaskell/stackage-snapshots/master/nightly/2025/7/5.yaml
  original: nightly-2025-07-05
