# This file was autogenerated by Stack.
# You should not edit this file by hand.
# For more information, please see the documentation at:
#   https://docs.haskellstack.org/en/stable/topics/lock_files

packages:
- completed:
    name: hinotify
    pantry-tree:
      sha256: 0d481f62867531b7672df7a4111de6ad06dcbe49e640d4f88d1beae3f2845e0d
      size: 1883
    sha256: 6626c25ba847917c2e48142ce8888d977e3259178bc081cffadf7b15550da3fc
    size: 14374
    url: https://github.com/chrismanning/hinotify/archive/97d4b459bd446120a9c5659e051d82733ec8fd77.tar.gz
    version: 0.4.2
  original:
    url: https://github.com/chrismanning/hinotify/archive/97d4b459bd446120a9c5659e051d82733ec8fd77.tar.gz
snapshots:
- completed:
    sha256: ab55278dcabc69ac5fbb72dcf67d3ad228598a75496350210f781a39345a2cd6
    size: 660071
    url: https://raw.githubusercontent.com/commercialhaskell/stackage-snapshots/master/nightly/2025/3/20.yaml
  original: nightly-2025-03-20
