# This file was autogenerated by Stack.
# You should not edit this file by hand.
# For more information, please see the documentation at:
#   https://docs.haskellstack.org/en/stable/lock_files

packages:
- completed:
    size: 7932
    url: https://github.com/chrismanning/kqueue/archive/70f401e065c2cf5143446f6486c996647bccc747.tar.gz
    name: kqueue
    version: '0.2'
    sha256: fd07f2ba999bb1feb3fec3fb2463e0f03b529fd55c238839e06211f2d88680a1
    pantry-tree:
      size: 725
      sha256: 6958230661ed3316462012ee3048fb5526fe7438c4e2a36244ecb65d9af44884
  original:
    url: https://github.com/chrismanning/kqueue/archive/70f401e065c2cf5143446f6486c996647bccc747.tar.gz
snapshots:
- completed:
    size: 532386
    url: https://raw.githubusercontent.com/commercialhaskell/stackage-snapshots/master/lts/16/17.yaml
    sha256: d3ee1ae797cf63189c95cf27f00700304946c5cb3c1e6a82001cd6584a221e1b
  original: lts-16.17
